{
  "requires": true,
  "lockfileVersion": 1,
  "dependencies": {
    "jasmine-custom-reporters": {
      "version": "1.2.1",
      "resolved": "https://registry.npmjs.org/jasmine-custom-reporters/-/jasmine-custom-reporters-1.2.1.tgz",
      "integrity": "sha1-e1oc4NWNx9aMgFW9R2ZU9u49ZDc="
    },
    "jasmine-json-test-reporter": {
      "version": "1.0.0-beta",
      "resolved": "https://registry.npmjs.org/jasmine-json-test-reporter/-/jasmine-json-test-reporter-1.0.0-beta.tgz",
      "integrity": "sha1-WYRJxCZ2kPPOyTKYrqFsm9235q0="
    }
  }
}
